<Solution Description="Visual Studio slnx file generated by Premake" Version="1.4">
  <Configurations>
    <BuildType Name="Benchmark" />
    <BuildType Name="Benchmark_Debug" />
    <BuildType Name="Debug" />
    <BuildType Name="ObjViewer" />
    <BuildType Name="Release" />
    <Platform Name="x64" />
  </Configurations>
  <Project Path="Source\Editor\HitoriEditor.vcxproj" Id="FBEE0E97-E751-9E3B-90D7-D6F17C196ABE" DefaultStartup="true">
  </Project>
  <Project Path="Source\Runtime\HitoriEngine.vcxproj" Id="4A9CC297-36FF-513C-DF84-8AF2CBC61DBF">
  </Project>
  <Project Path="Source\ThirdParty\ImGui\ImGui.vcxproj" Id="C0FF640D-2C14-8DBE-F595-301E616989EF">
  </Project>
</Solution>